{
  "name": "@wayfinder/rendering-govuk-assets",
  "version": "0.1.0",
  "lockfileVersion": 3,
  "requires": true,
  "packages": {
    "": {
      "name": "@wayfinder/rendering-govuk-assets",
      "version": "0.1.0",
      "dependencies": {
        "govuk-frontend": "6.5.0"
      }
    },
    "node_modules/govuk-frontend": {
      "version": "6.5.0",
      "resolved": "https://registry.npmjs.org/govuk-frontend/-/govuk-frontend-6.5.0.tgz",
      "integrity": "sha512-yWZZCvv99Q0WzPC3+YszHk65Op1yowXpvbGGPi2bsoZiHKfwQGRxOoCaYBWTIOAiphp4QRTFgbGI3fpiFTfZww==",
      "license": "MIT",
      "engines": {
        "node": ">= 4.2.0"
      }
    }
  }
}
